
Microsoft Visual Studio Solution File, Format Version 12.00
# Visual Studio Version 16
VisualStudioVersion = 25.0.1700.0
MinimumVisualStudioVersion = 10.0.40219.1
Project("{FAE04EC0-301F-11D3-BF4B-00C04F79EFBC}") = "HeroesApi", "HeroesApi\HeroesApi.csproj", "{E2E7530F-5C23-45E0-AC18-64BCA43B2E22}"
EndProject
Global
	GlobalSection(SolutionConfigurationPlatforms) = preSolution
		Debug|Any CPU = Debug|Any CPU
		Release|Any CPU = Release|Any CPU
	EndGlobalSection
	GlobalSection(ProjectConfigurationPlatforms) = postSolution
		{E2E7530F-5C23-45E0-AC18-64BCA43B2E22}.Debug|Any CPU.ActiveCfg = Debug|Any CPU
		{E2E7530F-5C23-45E0-AC18-64BCA43B2E22}.Debug|Any CPU.Build.0 = Debug|Any CPU
		{E2E7530F-5C23-45E0-AC18-64BCA43B2E22}.Release|Any CPU.ActiveCfg = Release|Any CPU
		{E2E7530F-5C23-45E0-AC18-64BCA43B2E22}.Release|Any CPU.Build.0 = Release|Any CPU
	EndGlobalSection
	GlobalSection(SolutionProperties) = preSolution
		HideSolutionNode = FALSE
	EndGlobalSection
	GlobalSection(ExtensibilityGlobals) = postSolution
		SolutionGuid = {2269CB2E-6A7E-4356-899B-5A3C6B8637B4}
	EndGlobalSection
EndGlobal
